
Microsoft Visual Studio Solution File, Format Version 12.00
# Visual Studio Version 17
VisualStudioVersion = 17.3.32929.385
MinimumVisualStudioVersion = 10.0.40219.1
Project("{8BC9CEB8-8B4A-11D0-8D11-00A0C91BC942}") = "LabPrviPacman", "LabPrviPacman\LabPrviPacman.vcxproj", "{6DF1E375-E943-468A-89D3-4159B505FB30}"
EndProject
Global
	GlobalSection(SolutionConfigurationPlatforms) = preSolution
		Debug|x64 = Debug|x64
		Debug|x86 = Debug|x86
		Release|x64 = Release|x64
		Release|x86 = Release|x86
	EndGlobalSection
	GlobalSection(ProjectConfigurationPlatforms) = postSolution
		{6DF1E375-E943-468A-89D3-4159B505FB30}.Debug|x64.ActiveCfg = Debug|x64
		{6DF1E375-E943-468A-89D3-4159B505FB30}.Debug|x64.Build.0 = Debug|x64
		{6DF1E375-E943-468A-89D3-4159B505FB30}.Debug|x86.ActiveCfg = Debug|Win32
		{6DF1E375-E943-468A-89D3-4159B505FB30}.Debug|x86.Build.0 = Debug|Win32
		{6DF1E375-E943-468A-89D3-4159B505FB30}.Release|x64.ActiveCfg = Release|x64
		{6DF1E375-E943-468A-89D3-4159B505FB30}.Release|x64.Build.0 = Release|x64
		{6DF1E375-E943-468A-89D3-4159B505FB30}.Release|x86.ActiveCfg = Release|Win32
		{6DF1E375-E943-468A-89D3-4159B505FB30}.Release|x86.Build.0 = Release|Win32
	EndGlobalSection
	GlobalSection(SolutionProperties) = preSolution
		HideSolutionNode = FALSE
	EndGlobalSection
	GlobalSection(ExtensibilityGlobals) = postSolution
		SolutionGuid = {516E883C-EBBE-42E0-8446-C8265BFEFC10}
	EndGlobalSection
EndGlobal
